// !$*UTF8*$!
{
	archiveVersion = 1;
	classes = {
	};
	objectVersion = 50;
	objects = {

/* Begin PBXBuildFile section */
		2499757C87DFBB80A46A2DDF /* Pods_ReadyPlayer_WatchKit_Extension.framework in Frameworks */ = {isa = PBXBuildFile; fileRef = 85F148FB001AB3FE8CC29D64 /* Pods_ReadyPlayer_WatchKit_Extension.framework */; };
		4D592CEE22C10EDF0034F087 /* Date+Extension.swift in Sources */ = {isa = PBXBuildFile; fileRef = 4D592CED22C10EDF0034F087 /* Date+Extension.swift */; };
		4D592CF222C200F00034F087 /* ReadyRoomView.swift in Sources */ = {isa = PBXBuildFile; fileRef = 4D592CF122C200F00034F087 /* ReadyRoomView.swift */; };
		4D592CF722C6097A0034F087 /* UserCell.swift in Sources */ = {isa = PBXBuildFile; fileRef = 4D592CF622C6097A0034F087 /* UserCell.swift */; };
		4D592CF922C763650034F087 /* ReadyRoomHeaderView.swift in Sources */ = {isa = PBXBuildFile; fileRef = 4D592CF822C763650034F087 /* ReadyRoomHeaderView.swift */; };
		4D592CFB22C79D610034F087 /* UIColor+Theme.swift in Sources */ = {isa = PBXBuildFile; fileRef = 4D592CFA22C79D610034F087 /* UIColor+Theme.swift */; };
		4D592CFD22C7A8060034F087 /* UIColor+Extension.swift in Sources */ = {isa = PBXBuildFile; fileRef = 4D592CFC22C7A8050034F087 /* UIColor+Extension.swift */; };
		4D592D0022C8BEE30034F087 /* RoomCell.swift in Sources */ = {isa = PBXBuildFile; fileRef = 4D592CFF22C8BEE30034F087 /* RoomCell.swift */; };
		4D592D0422C9A3010034F087 /* ProfileViewController.swift in Sources */ = {isa = PBXBuildFile; fileRef = 4D592D0322C9A3010034F087 /* ProfileViewController.swift */; };
		4D592D0622C9FF480034F087 /* UIDevice+Extension.swift in Sources */ = {isa = PBXBuildFile; fileRef = 4D592D0522C9FF480034F087 /* UIDevice+Extension.swift */; };
		4D9030A322B2189B00A184A6 /* AppDelegate.swift in Sources */ = {isa = PBXBuildFile; fileRef = 4D9030A222B2189B00A184A6 /* AppDelegate.swift */; };
		4D9030A522B2189B00A184A6 /* MainViewController.swift in Sources */ = {isa = PBXBuildFile; fileRef = 4D9030A422B2189B00A184A6 /* MainViewController.swift */; };
		4D9030A822B2189B00A184A6 /* Main.storyboard in Resources */ = {isa = PBXBuildFile; fileRef = 4D9030A622B2189B00A184A6 /* Main.storyboard */; };
		4D9030AA22B2189D00A184A6 /* Assets.xcassets in Resources */ = {isa = PBXBuildFile; fileRef = 4D9030A922B2189D00A184A6 /* Assets.xcassets */; };
		4D9030AD22B2189D00A184A6 /* LaunchScreen.storyboard in Resources */ = {isa = PBXBuildFile; fileRef = 4D9030AB22B2189D00A184A6 /* LaunchScreen.storyboard */; };
		4D9030B822B2189D00A184A6 /* ReadyPlayerTests.swift in Sources */ = {isa = PBXBuildFile; fileRef = 4D9030B722B2189D00A184A6 /* ReadyPlayerTests.swift */; };
		4D9030C322B2189D00A184A6 /* ReadyPlayerUITests.swift in Sources */ = {isa = PBXBuildFile; fileRef = 4D9030C222B2189D00A184A6 /* ReadyPlayerUITests.swift */; };
		4D9030C822B2189D00A184A6 /* ReadyPlayer WatchKit App.app in Embed Watch Content */ = {isa = PBXBuildFile; fileRef = 4D9030C722B2189D00A184A6 /* ReadyPlayer WatchKit App.app */; };
		4D9030CE22B2189D00A184A6 /* Interface.storyboard in Resources */ = {isa = PBXBuildFile; fileRef = 4D9030CC22B2189D00A184A6 /* Interface.storyboard */; };
		4D9030D022B2189E00A184A6 /* Assets.xcassets in Resources */ = {isa = PBXBuildFile; fileRef = 4D9030CF22B2189E00A184A6 /* Assets.xcassets */; };
		4D9030D722B2189E00A184A6 /* ReadyPlayer WatchKit Extension.appex in Embed App Extensions */ = {isa = PBXBuildFile; fileRef = 4D9030D622B2189E00A184A6 /* ReadyPlayer WatchKit Extension.appex */; settings = {ATTRIBUTES = (RemoveHeadersOnCopy, ); }; };
		4D9030DC22B2189E00A184A6 /* InterfaceController.swift in Sources */ = {isa = PBXBuildFile; fileRef = 4D9030DB22B2189E00A184A6 /* InterfaceController.swift */; };
		4D9030DE22B2189E00A184A6 /* ExtensionDelegate.swift in Sources */ = {isa = PBXBuildFile; fileRef = 4D9030DD22B2189E00A184A6 /* ExtensionDelegate.swift */; };
		4D9030E022B2189E00A184A6 /* NotificationController.swift in Sources */ = {isa = PBXBuildFile; fileRef = 4D9030DF22B2189E00A184A6 /* NotificationController.swift */; };
		4D9030E222B2189F00A184A6 /* Assets.xcassets in Resources */ = {isa = PBXBuildFile; fileRef = 4D9030E122B2189F00A184A6 /* Assets.xcassets */; };
		4D9030FB22B34D8C00A184A6 /* MainViewController+UITableView.swift in Sources */ = {isa = PBXBuildFile; fileRef = 4D9030FA22B34D8C00A184A6 /* MainViewController+UITableView.swift */; };
		4D9030FD22B34E5C00A184A6 /* MainViewModel.swift in Sources */ = {isa = PBXBuildFile; fileRef = 4D9030FC22B34E5C00A184A6 /* MainViewModel.swift */; };
		4D9030FF22B3580200A184A6 /* Extension+UIView.swift in Sources */ = {isa = PBXBuildFile; fileRef = 4D9030FE22B3580200A184A6 /* Extension+UIView.swift */; };
		4D90310122B35AEC00A184A6 /* GoogleService-Info.plist in Resources */ = {isa = PBXBuildFile; fileRef = 4D90310022B35AEB00A184A6 /* GoogleService-Info.plist */; };
		4D90310422B3974600A184A6 /* Room.swift in Sources */ = {isa = PBXBuildFile; fileRef = 4D90310322B3974600A184A6 /* Room.swift */; };
		4D90310622B4E8D700A184A6 /* DatabaseReferenceKeys.swift in Sources */ = {isa = PBXBuildFile; fileRef = 4D90310522B4E8D700A184A6 /* DatabaseReferenceKeys.swift */; };
		4D90310822B4FD8E00A184A6 /* User.swift in Sources */ = {isa = PBXBuildFile; fileRef = 4D90310722B4FD8E00A184A6 /* User.swift */; };
		4D90310B22B6221600A184A6 /* ReadyRoomViewController.swift in Sources */ = {isa = PBXBuildFile; fileRef = 4D90310A22B6221600A184A6 /* ReadyRoomViewController.swift */; };
		4D90310E22B64E4C00A184A6 /* ReadyRoomViewModel.swift in Sources */ = {isa = PBXBuildFile; fileRef = 4D90310D22B64E4C00A184A6 /* ReadyRoomViewModel.swift */; };
		6871C662B60C26EBEC2D316D /* Pods_ReadyPlayerTests.framework in Frameworks */ = {isa = PBXBuildFile; fileRef = 1B6235E110381E32CC4E4556 /* Pods_ReadyPlayerTests.framework */; };
		7713D80E3B0ADA0CDD4A6A5A /* Pods_ReadyPlayer_WatchKit_App.framework in Frameworks */ = {isa = PBXBuildFile; fileRef = E20B97805DD891D8C10A4776 /* Pods_ReadyPlayer_WatchKit_App.framework */; };
		89EEB61BE926CE498B6E0F80 /* Pods_ReadyPlayerUITests.framework in Frameworks */ = {isa = PBXBuildFile; fileRef = E394E4BC8AEB33FCF1AC5E89 /* Pods_ReadyPlayerUITests.framework */; };
		B52F347985A8352D2074A555 /* Pods_ReadyPlayer.framework in Frameworks */ = {isa = PBXBuildFile; fileRef = 639EFCEDCA9BC1F78F0A0513 /* Pods_ReadyPlayer.framework */; };
/* End PBXBuildFile section */

/* Begin PBXContainerItemProxy section */
		4D9030B422B2189D00A184A6 /* PBXContainerItemProxy */ = {
			isa = PBXContainerItemProxy;
			containerPortal = 4D90309722B2189B00A184A6 /* Project object */;
			proxyType = 1;
			remoteGlobalIDString = 4D90309E22B2189B00A184A6;
			remoteInfo = ReadyPlayer;
		};
		4D9030BF22B2189D00A184A6 /* PBXContainerItemProxy */ = {
			isa = PBXContainerItemProxy;
			containerPortal = 4D90309722B2189B00A184A6 /* Project object */;
			proxyType = 1;
			remoteGlobalIDString = 4D90309E22B2189B00A184A6;
			remoteInfo = ReadyPlayer;
		};
		4D9030C922B2189D00A184A6 /* PBXContainerItemProxy */ = {
			isa = PBXContainerItemProxy;
			containerPortal = 4D90309722B2189B00A184A6 /* Project object */;
			proxyType = 1;
			remoteGlobalIDString = 4D9030C622B2189D00A184A6;
			remoteInfo = "ReadyPlayer WatchKit App";
		};
		4D9030D822B2189E00A184A6 /* PBXContainerItemProxy */ = {
			isa = PBXContainerItemProxy;
			containerPortal = 4D90309722B2189B00A184A6 /* Project object */;
			proxyType = 1;
			remoteGlobalIDString = 4D9030D522B2189E00A184A6;
			remoteInfo = "ReadyPlayer WatchKit Extension";
		};
/* End PBXContainerItemProxy section */

/* Begin PBXCopyFilesBuildPhase section */
		4D9030EA22B2189F00A184A6 /* Embed App Extensions */ = {
			isa = PBXCopyFilesBuildPhase;
			buildActionMask = 2147483647;
			dstPath = "";
			dstSubfolderSpec = 13;
			files = (
				4D9030D722B2189E00A184A6 /* ReadyPlayer WatchKit Extension.appex in Embed App Extensions */,
			);
			name = "Embed App Extensions";
			runOnlyForDeploymentPostprocessing = 0;
		};
		4D9030EE22B2189F00A184A6 /* Embed Watch Content */ = {
			isa = PBXCopyFilesBuildPhase;
			buildActionMask = 2147483647;
			dstPath = "$(CONTENTS_FOLDER_PATH)/Watch";
			dstSubfolderSpec = 16;
			files = (
				4D9030C822B2189D00A184A6 /* ReadyPlayer WatchKit App.app in Embed Watch Content */,
			);
			name = "Embed Watch Content";
			runOnlyForDeploymentPostprocessing = 0;
		};
/* End PBXCopyFilesBuildPhase section */

/* Begin PBXFileReference section */
		1B6235E110381E32CC4E4556 /* Pods_ReadyPlayerTests.framework */ = {isa = PBXFileReference; explicitFileType = wrapper.framework; includeInIndex = 0; path = Pods_ReadyPlayerTests.framework; sourceTree = BUILT_PRODUCTS_DIR; };
		204D9164C9BA73C788DD7897 /* Pods-ReadyPlayer.debug.xcconfig */ = {isa = PBXFileReference; includeInIndex = 1; lastKnownFileType = text.xcconfig; name = "Pods-ReadyPlayer.debug.xcconfig"; path = "Pods/Target Support Files/Pods-ReadyPlayer/Pods-ReadyPlayer.debug.xcconfig"; sourceTree = "<group>"; };
		2DFDB4F243FBFCE0024D61F8 /* Pods-ReadyPlayer.release.xcconfig */ = {isa = PBXFileReference; includeInIndex = 1; lastKnownFileType = text.xcconfig; name = "Pods-ReadyPlayer.release.xcconfig"; path = "Pods/Target Support Files/Pods-ReadyPlayer/Pods-ReadyPlayer.release.xcconfig"; sourceTree = "<group>"; };
		39D3CE985FC8A2640DEEB6AB /* Pods-ReadyPlayer WatchKit Extension.release.xcconfig */ = {isa = PBXFileReference; includeInIndex = 1; lastKnownFileType = text.xcconfig; name = "Pods-ReadyPlayer WatchKit Extension.release.xcconfig"; path = "Pods/Target Support Files/Pods-ReadyPlayer WatchKit Extension/Pods-ReadyPlayer WatchKit Extension.release.xcconfig"; sourceTree = "<group>"; };
		46E076309DDDE4F2DCBBEA78 /* Pods-ReadyPlayerTests.debug.xcconfig */ = {isa = PBXFileReference; includeInIndex = 1; lastKnownFileType = text.xcconfig; name = "Pods-ReadyPlayerTests.debug.xcconfig"; path = "Pods/Target Support Files/Pods-ReadyPlayerTests/Pods-ReadyPlayerTests.debug.xcconfig"; sourceTree = "<group>"; };
		48613AB69E9096EC7DB92C7B /* Pods-ReadyPlayerUITests.release.xcconfig */ = {isa = PBXFileReference; includeInIndex = 1; lastKnownFileType = text.xcconfig; name = "Pods-ReadyPlayerUITests.release.xcconfig"; path = "Pods/Target Support Files/Pods-ReadyPlayerUITests/Pods-ReadyPlayerUITests.release.xcconfig"; sourceTree = "<group>"; };
		4D56EC8E22BCA31B00073A5F /* ReadyPlayer.entitlements */ = {isa = PBXFileReference; lastKnownFileType = text.plist.entitlements; path = ReadyPlayer.entitlements; sourceTree = "<group>"; };
		4D592CED22C10EDF0034F087 /* Date+Extension.swift */ = {isa = PBXFileReference; lastKnownFileType = sourcecode.swift; path = "Date+Extension.swift"; sourceTree = "<group>"; };
		4D592CF122C200F00034F087 /* ReadyRoomView.swift */ = {isa = PBXFileReference; lastKnownFileType = sourcecode.swift; path = ReadyRoomView.swift; sourceTree = "<group>"; };
		4D592CF622C6097A0034F087 /* UserCell.swift */ = {isa = PBXFileReference; lastKnownFileType = sourcecode.swift; path = UserCell.swift; sourceTree = "<group>"; };
		4D592CF822C763650034F087 /* ReadyRoomHeaderView.swift */ = {isa = PBXFileReference; lastKnownFileType = sourcecode.swift; path = ReadyRoomHeaderView.swift; sourceTree = "<group>"; };
		4D592CFA22C79D610034F087 /* UIColor+Theme.swift */ = {isa = PBXFileReference; lastKnownFileType = sourcecode.swift; path = "UIColor+Theme.swift"; sourceTree = "<group>"; };
		4D592CFC22C7A8050034F087 /* UIColor+Extension.swift */ = {isa = PBXFileReference; fileEncoding = 4; lastKnownFileType = sourcecode.swift; path = "UIColor+Extension.swift"; sourceTree = "<group>"; };
		4D592CFF22C8BEE30034F087 /* RoomCell.swift */ = {isa = PBXFileReference; lastKnownFileType = sourcecode.swift; path = RoomCell.swift; sourceTree = "<group>"; };
		4D592D0322C9A3010034F087 /* ProfileViewController.swift */ = {isa = PBXFileReference; lastKnownFileType = sourcecode.swift; path = ProfileViewController.swift; sourceTree = "<group>"; };
		4D592D0522C9FF480034F087 /* UIDevice+Extension.swift */ = {isa = PBXFileReference; fileEncoding = 4; lastKnownFileType = sourcecode.swift; path = "UIDevice+Extension.swift"; sourceTree = "<group>"; };
		4D90309F22B2189B00A184A6 /* ReadyPlayer.app */ = {isa = PBXFileReference; explicitFileType = wrapper.application; includeInIndex = 0; path = ReadyPlayer.app; sourceTree = BUILT_PRODUCTS_DIR; };
		4D9030A222B2189B00A184A6 /* AppDelegate.swift */ = {isa = PBXFileReference; lastKnownFileType = sourcecode.swift; path = AppDelegate.swift; sourceTree = "<group>"; };
		4D9030A422B2189B00A184A6 /* MainViewController.swift */ = {isa = PBXFileReference; lastKnownFileType = sourcecode.swift; path = MainViewController.swift; sourceTree = "<group>"; };
		4D9030A722B2189B00A184A6 /* Base */ = {isa = PBXFileReference; lastKnownFileType = file.storyboard; name = Base; path = Base.lproj/Main.storyboard; sourceTree = "<group>"; };
		4D9030A922B2189D00A184A6 /* Assets.xcassets */ = {isa = PBXFileReference; lastKnownFileType = folder.assetcatalog; path = Assets.xcassets; sourceTree = "<group>"; };
		4D9030AC22B2189D00A184A6 /* Base */ = {isa = PBXFileReference; lastKnownFileType = file.storyboard; name = Base; path = Base.lproj/LaunchScreen.storyboard; sourceTree = "<group>"; };
		4D9030AE22B2189D00A184A6 /* Info.plist */ = {isa = PBXFileReference; lastKnownFileType = text.plist.xml; path = Info.plist; sourceTree = "<group>"; };
		4D9030B322B2189D00A184A6 /* ReadyPlayerTests.xctest */ = {isa = PBXFileReference; explicitFileType = wrapper.cfbundle; includeInIndex = 0; path = ReadyPlayerTests.xctest; sourceTree = BUILT_PRODUCTS_DIR; };
		4D9030B722B2189D00A184A6 /* ReadyPlayerTests.swift */ = {isa = PBXFileReference; lastKnownFileType = sourcecode.swift; path = ReadyPlayerTests.swift; sourceTree = "<group>"; };
		4D9030B922B2189D00A184A6 /* Info.plist */ = {isa = PBXFileReference; lastKnownFileType = text.plist.xml; path = Info.plist; sourceTree = "<group>"; };
		4D9030BE22B2189D00A184A6 /* ReadyPlayerUITests.xctest */ = {isa = PBXFileReference; explicitFileType = wrapper.cfbundle; includeInIndex = 0; path = ReadyPlayerUITests.xctest; sourceTree = BUILT_PRODUCTS_DIR; };
		4D9030C222B2189D00A184A6 /* ReadyPlayerUITests.swift */ = {isa = PBXFileReference; lastKnownFileType = sourcecode.swift; path = ReadyPlayerUITests.swift; sourceTree = "<group>"; };
		4D9030C422B2189D00A184A6 /* Info.plist */ = {isa = PBXFileReference; lastKnownFileType = text.plist.xml; path = Info.plist; sourceTree = "<group>"; };
		4D9030C722B2189D00A184A6 /* ReadyPlayer WatchKit App.app */ = {isa = PBXFileReference; explicitFileType = wrapper.application; includeInIndex = 0; path = "ReadyPlayer WatchKit App.app"; sourceTree = BUILT_PRODUCTS_DIR; };
		4D9030CD22B2189D00A184A6 /* Base */ = {isa = PBXFileReference; lastKnownFileType = file.storyboard; name = Base; path = Base.lproj/Interface.storyboard; sourceTree = "<group>"; };
		4D9030CF22B2189E00A184A6 /* Assets.xcassets */ = {isa = PBXFileReference; lastKnownFileType = folder.assetcatalog; path = Assets.xcassets; sourceTree = "<group>"; };
		4D9030D122B2189E00A184A6 /* Info.plist */ = {isa = PBXFileReference; lastKnownFileType = text.plist.xml; path = Info.plist; sourceTree = "<group>"; };
		4D9030D622B2189E00A184A6 /* ReadyPlayer WatchKit Extension.appex */ = {isa = PBXFileReference; explicitFileType = "wrapper.app-extension"; includeInIndex = 0; path = "ReadyPlayer WatchKit Extension.appex"; sourceTree = BUILT_PRODUCTS_DIR; };
		4D9030DB22B2189E00A184A6 /* InterfaceController.swift */ = {isa = PBXFileReference; lastKnownFileType = sourcecode.swift; path = InterfaceController.swift; sourceTree = "<group>"; };
		4D9030DD22B2189E00A184A6 /* ExtensionDelegate.swift */ = {isa = PBXFileReference; lastKnownFileType = sourcecode.swift; path = ExtensionDelegate.swift; sourceTree = "<group>"; };
		4D9030DF22B2189E00A184A6 /* NotificationController.swift */ = {isa = PBXFileReference; lastKnownFileType = sourcecode.swift; path = NotificationController.swift; sourceTree = "<group>"; };
		4D9030E122B2189F00A184A6 /* Assets.xcassets */ = {isa = PBXFileReference; lastKnownFileType = folder.assetcatalog; path = Assets.xcassets; sourceTree = "<group>"; };
		4D9030E322B2189F00A184A6 /* Info.plist */ = {isa = PBXFileReference; lastKnownFileType = text.plist.xml; path = Info.plist; sourceTree = "<group>"; };
		4D9030E422B2189F00A184A6 /* PushNotificationPayload.apns */ = {isa = PBXFileReference; lastKnownFileType = text; path = PushNotificationPayload.apns; sourceTree = "<group>"; };
		4D9030F822B21B6300A184A6 /* README.md */ = {isa = PBXFileReference; lastKnownFileType = net.daringfireball.markdown; path = README.md; sourceTree = "<group>"; };
		4D9030FA22B34D8C00A184A6 /* MainViewController+UITableView.swift */ = {isa = PBXFileReference; lastKnownFileType = sourcecode.swift; path = "MainViewController+UITableView.swift"; sourceTree = "<group>"; };
		4D9030FC22B34E5C00A184A6 /* MainViewModel.swift */ = {isa = PBXFileReference; lastKnownFileType = sourcecode.swift; path = MainViewModel.swift; sourceTree = "<group>"; };
		4D9030FE22B3580200A184A6 /* Extension+UIView.swift */ = {isa = PBXFileReference; fileEncoding = 4; lastKnownFileType = sourcecode.swift; path = "Extension+UIView.swift"; sourceTree = "<group>"; };
		4D90310022B35AEB00A184A6 /* GoogleService-Info.plist */ = {isa = PBXFileReference; fileEncoding = 4; lastKnownFileType = text.plist.xml; path = "GoogleService-Info.plist"; sourceTree = "<group>"; };
		4D90310322B3974600A184A6 /* Room.swift */ = {isa = PBXFileReference; lastKnownFileType = sourcecode.swift; path = Room.swift; sourceTree = "<group>"; };
		4D90310522B4E8D700A184A6 /* DatabaseReferenceKeys.swift */ = {isa = PBXFileReference; lastKnownFileType = sourcecode.swift; path = DatabaseReferenceKeys.swift; sourceTree = "<group>"; };
		4D90310722B4FD8E00A184A6 /* User.swift */ = {isa = PBXFileReference; lastKnownFileType = sourcecode.swift; path = User.swift; sourceTree = "<group>"; };
		4D90310A22B6221600A184A6 /* ReadyRoomViewController.swift */ = {isa = PBXFileReference; lastKnownFileType = sourcecode.swift; path = ReadyRoomViewController.swift; sourceTree = "<group>"; };
		4D90310D22B64E4C00A184A6 /* ReadyRoomViewModel.swift */ = {isa = PBXFileReference; lastKnownFileType = sourcecode.swift; path = ReadyRoomViewModel.swift; sourceTree = "<group>"; };
		56B696458C7D61BA1EC1B974 /* Pods-ReadyPlayerUITests.debug.xcconfig */ = {isa = PBXFileReference; includeInIndex = 1; lastKnownFileType = text.xcconfig; name = "Pods-ReadyPlayerUITests.debug.xcconfig"; path = "Pods/Target Support Files/Pods-ReadyPlayerUITests/Pods-ReadyPlayerUITests.debug.xcconfig"; sourceTree = "<group>"; };
		5BF6EA6085819C8BAFE421FC /* Pods-ReadyPlayerTests.release.xcconfig */ = {isa = PBXFileReference; includeInIndex = 1; lastKnownFileType = text.xcconfig; name = "Pods-ReadyPlayerTests.release.xcconfig"; path = "Pods/Target Support Files/Pods-ReadyPlayerTests/Pods-ReadyPlayerTests.release.xcconfig"; sourceTree = "<group>"; };
		639EFCEDCA9BC1F78F0A0513 /* Pods_ReadyPlayer.framework */ = {isa = PBXFileReference; explicitFileType = wrapper.framework; includeInIndex = 0; path = Pods_ReadyPlayer.framework; sourceTree = BUILT_PRODUCTS_DIR; };
		7C0CA6BEB1E24F5E85AAA647 /* Pods-ReadyPlayer WatchKit App.debug.xcconfig */ = {isa = PBXFileReference; includeInIndex = 1; lastKnownFileType = text.xcconfig; name = "Pods-ReadyPlayer WatchKit App.debug.xcconfig"; path = "Pods/Target Support Files/Pods-ReadyPlayer WatchKit App/Pods-ReadyPlayer WatchKit App.debug.xcconfig"; sourceTree = "<group>"; };
		85F148FB001AB3FE8CC29D64 /* Pods_ReadyPlayer_WatchKit_Extension.framework */ = {isa = PBXFileReference; explicitFileType = wrapper.framework; includeInIndex = 0; path = Pods_ReadyPlayer_WatchKit_Extension.framework; sourceTree = BUILT_PRODUCTS_DIR; };
		957CF9EE9C1843E9E3520AFD /* Pods-ReadyPlayer WatchKit Extension.debug.xcconfig */ = {isa = PBXFileReference; includeInIndex = 1; lastKnownFileType = text.xcconfig; name = "Pods-ReadyPlayer WatchKit Extension.debug.xcconfig"; path = "Pods/Target Support Files/Pods-ReadyPlayer WatchKit Extension/Pods-ReadyPlayer WatchKit Extension.debug.xcconfig"; sourceTree = "<group>"; };
		A534C0222088793E528BE18F /* Pods-ReadyPlayer WatchKit App.release.xcconfig */ = {isa = PBXFileReference; includeInIndex = 1; lastKnownFileType = text.xcconfig; name = "Pods-ReadyPlayer WatchKit App.release.xcconfig"; path = "Pods/Target Support Files/Pods-ReadyPlayer WatchKit App/Pods-ReadyPlayer WatchKit App.release.xcconfig"; sourceTree = "<group>"; };
		E20B97805DD891D8C10A4776 /* Pods_ReadyPlayer_WatchKit_App.framework */ = {isa = PBXFileReference; explicitFileType = wrapper.framework; includeInIndex = 0; path = Pods_ReadyPlayer_WatchKit_App.framework; sourceTree = BUILT_PRODUCTS_DIR; };
		E394E4BC8AEB33FCF1AC5E89 /* Pods_ReadyPlayerUITests.framework */ = {isa = PBXFileReference; explicitFileType = wrapper.framework; includeInIndex = 0; path = Pods_ReadyPlayerUITests.framework; sourceTree = BUILT_PRODUCTS_DIR; };
/* End PBXFileReference section */

/* Begin PBXFrameworksBuildPhase section */
		4D90309C22B2189B00A184A6 /* Frameworks */ = {
			isa = PBXFrameworksBuildPhase;
			buildActionMask = 2147483647;
			files = (
				B52F347985A8352D2074A555 /* Pods_ReadyPlayer.framework in Frameworks */,
			);
			runOnlyForDeploymentPostprocessing = 0;
		};
		4D9030B022B2189D00A184A6 /* Frameworks */ = {
			isa = PBXFrameworksBuildPhase;
			buildActionMask = 2147483647;
			files = (
				6871C662B60C26EBEC2D316D /* Pods_ReadyPlayerTests.framework in Frameworks */,
			);
			runOnlyForDeploymentPostprocessing = 0;
		};
		4D9030BB22B2189D00A184A6 /* Frameworks */ = {
			isa = PBXFrameworksBuildPhase;
			buildActionMask = 2147483647;
			files = (
				89EEB61BE926CE498B6E0F80 /* Pods_ReadyPlayerUITests.framework in Frameworks */,
			);
			runOnlyForDeploymentPostprocessing = 0;
		};
		4D9030D322B2189E00A184A6 /* Frameworks */ = {
			isa = PBXFrameworksBuildPhase;
			buildActionMask = 2147483647;
			files = (
				2499757C87DFBB80A46A2DDF /* Pods_ReadyPlayer_WatchKit_Extension.framework in Frameworks */,
			);
			runOnlyForDeploymentPostprocessing = 0;
		};
		CED569B8221855DA1B3FB05B /* Frameworks */ = {
			isa = PBXFrameworksBuildPhase;
			buildActionMask = 2147483647;
			files = (
				7713D80E3B0ADA0CDD4A6A5A /* Pods_ReadyPlayer_WatchKit_App.framework in Frameworks */,
			);
			runOnlyForDeploymentPostprocessing = 0;
		};
/* End PBXFrameworksBuildPhase section */

/* Begin PBXGroup section */
		4D592CF522C609070034F087 /* Cell */ = {
			isa = PBXGroup;
			children = (
				4D592CF622C6097A0034F087 /* UserCell.swift */,
			);
			path = Cell;
			sourceTree = "<group>";
		};
		4D592CFE22C8BED00034F087 /* Cell */ = {
			isa = PBXGroup;
			children = (
				4D592CFF22C8BEE30034F087 /* RoomCell.swift */,
			);
			path = Cell;
			sourceTree = "<group>";
		};
		4D592D0122C8D30C0034F087 /* Model */ = {
			isa = PBXGroup;
			children = (
				4D90310722B4FD8E00A184A6 /* User.swift */,
				4D90310322B3974600A184A6 /* Room.swift */,
			);
			path = Model;
			sourceTree = "<group>";
		};
		4D592D0222C9A1830034F087 /* Profile */ = {
			isa = PBXGroup;
			children = (
				4D592D0322C9A3010034F087 /* ProfileViewController.swift */,
			);
			path = Profile;
			sourceTree = "<group>";
		};
		4D90309622B2189B00A184A6 = {
			isa = PBXGroup;
			children = (
				4D9030F822B21B6300A184A6 /* README.md */,
				4D9030A122B2189B00A184A6 /* ReadyPlayer */,
				4D9030B622B2189D00A184A6 /* ReadyPlayerTests */,
				4D9030C122B2189D00A184A6 /* ReadyPlayerUITests */,
				4D9030CB22B2189D00A184A6 /* ReadyPlayer WatchKit App */,
				4D9030DA22B2189E00A184A6 /* ReadyPlayer WatchKit Extension */,
				4D9030A022B2189B00A184A6 /* Products */,
				67FF5B031E78E72E84051BAF /* Pods */,
				86E74A0C4B2AE01AEF123BC5 /* Frameworks */,
			);
			sourceTree = "<group>";
		};
		4D9030A022B2189B00A184A6 /* Products */ = {
			isa = PBXGroup;
			children = (
				4D90309F22B2189B00A184A6 /* ReadyPlayer.app */,
				4D9030B322B2189D00A184A6 /* ReadyPlayerTests.xctest */,
				4D9030BE22B2189D00A184A6 /* ReadyPlayerUITests.xctest */,
				4D9030C722B2189D00A184A6 /* ReadyPlayer WatchKit App.app */,
				4D9030D622B2189E00A184A6 /* ReadyPlayer WatchKit Extension.appex */,
			);
			name = Products;
			sourceTree = "<group>";
		};
		4D9030A122B2189B00A184A6 /* ReadyPlayer */ = {
			isa = PBXGroup;
			children = (
				4D56EC8E22BCA31B00073A5F /* ReadyPlayer.entitlements */,
				4D592D0222C9A1830034F087 /* Profile */,
				4D592D0122C8D30C0034F087 /* Model */,
				4D90310922B621FE00A184A6 /* ReadyRoom */,
				4D9030F922B34D4100A184A6 /* Main */,
				4D90310022B35AEB00A184A6 /* GoogleService-Info.plist */,
				4D9030FE22B3580200A184A6 /* Extension+UIView.swift */,
				4D9030A222B2189B00A184A6 /* AppDelegate.swift */,
				4D9030A622B2189B00A184A6 /* Main.storyboard */,
				4D9030A922B2189D00A184A6 /* Assets.xcassets */,
				4D9030AB22B2189D00A184A6 /* LaunchScreen.storyboard */,
				4D9030AE22B2189D00A184A6 /* Info.plist */,
				4D90310522B4E8D700A184A6 /* DatabaseReferenceKeys.swift */,
				4D592CED22C10EDF0034F087 /* Date+Extension.swift */,
				4D592D0522C9FF480034F087 /* UIDevice+Extension.swift */,
				4D592CFC22C7A8050034F087 /* UIColor+Extension.swift */,
				4D592CFA22C79D610034F087 /* UIColor+Theme.swift */,
			);
			path = ReadyPlayer;
			sourceTree = "<group>";
		};
		4D9030B622B2189D00A184A6 /* ReadyPlayerTests */ = {
			isa = PBXGroup;
			children = (
				4D9030B722B2189D00A184A6 /* ReadyPlayerTests.swift */,
				4D9030B922B2189D00A184A6 /* Info.plist */,
			);
			path = ReadyPlayerTests;
			sourceTree = "<group>";
		};
		4D9030C122B2189D00A184A6 /* ReadyPlayerUITests */ = {
			isa = PBXGroup;
			children = (
				4D9030C222B2189D00A184A6 /* ReadyPlayerUITests.swift */,
				4D9030C422B2189D00A184A6 /* Info.plist */,
			);
			path = ReadyPlayerUITests;
			sourceTree = "<group>";
		};
		4D9030CB22B2189D00A184A6 /* ReadyPlayer WatchKit App */ = {
			isa = PBXGroup;
			children = (
				4D9030CC22B2189D00A184A6 /* Interface.storyboard */,
				4D9030CF22B2189E00A184A6 /* Assets.xcassets */,
				4D9030D122B2189E00A184A6 /* Info.plist */,
			);
			path = "ReadyPlayer WatchKit App";
			sourceTree = "<group>";
		};
		4D9030DA22B2189E00A184A6 /* ReadyPlayer WatchKit Extension */ = {
			isa = PBXGroup;
			children = (
				4D9030DB22B2189E00A184A6 /* InterfaceController.swift */,
				4D9030DD22B2189E00A184A6 /* ExtensionDelegate.swift */,
				4D9030DF22B2189E00A184A6 /* NotificationController.swift */,
				4D9030E122B2189F00A184A6 /* Assets.xcassets */,
				4D9030E322B2189F00A184A6 /* Info.plist */,
				4D9030E422B2189F00A184A6 /* PushNotificationPayload.apns */,
			);
			path = "ReadyPlayer WatchKit Extension";
			sourceTree = "<group>";
		};
		4D9030F922B34D4100A184A6 /* Main */ = {
			isa = PBXGroup;
			children = (
				4D592CFE22C8BED00034F087 /* Cell */,
				4D9030A422B2189B00A184A6 /* MainViewController.swift */,
				4D9030FC22B34E5C00A184A6 /* MainViewModel.swift */,
				4D9030FA22B34D8C00A184A6 /* MainViewController+UITableView.swift */,
			);
			path = Main;
			sourceTree = "<group>";
		};
		4D90310922B621FE00A184A6 /* ReadyRoom */ = {
			isa = PBXGroup;
			children = (
				4D592CF522C609070034F087 /* Cell */,
				4D90310A22B6221600A184A6 /* ReadyRoomViewController.swift */,
				4D90310D22B64E4C00A184A6 /* ReadyRoomViewModel.swift */,
				4D592CF122C200F00034F087 /* ReadyRoomView.swift */,
				4D592CF822C763650034F087 /* ReadyRoomHeaderView.swift */,
			);
			path = ReadyRoom;
			sourceTree = "<group>";
		};
		67FF5B031E78E72E84051BAF /* Pods */ = {
			isa = PBXGroup;
			children = (
				204D9164C9BA73C788DD7897 /* Pods-ReadyPlayer.debug.xcconfig */,
				2DFDB4F243FBFCE0024D61F8 /* Pods-ReadyPlayer.release.xcconfig */,
				7C0CA6BEB1E24F5E85AAA647 /* Pods-ReadyPlayer WatchKit App.debug.xcconfig */,
				A534C0222088793E528BE18F /* Pods-ReadyPlayer WatchKit App.release.xcconfig */,
				957CF9EE9C1843E9E3520AFD /* Pods-ReadyPlayer WatchKit Extension.debug.xcconfig */,
				39D3CE985FC8A2640DEEB6AB /* Pods-ReadyPlayer WatchKit Extension.release.xcconfig */,
				46E076309DDDE4F2DCBBEA78 /* Pods-ReadyPlayerTests.debug.xcconfig */,
				5BF6EA6085819C8BAFE421FC /* Pods-ReadyPlayerTests.release.xcconfig */,
				56B696458C7D61BA1EC1B974 /* Pods-ReadyPlayerUITests.debug.xcconfig */,
				48613AB69E9096EC7DB92C7B /* Pods-ReadyPlayerUITests.release.xcconfig */,
			);
			name = Pods;
			sourceTree = "<group>";
		};
		86E74A0C4B2AE01AEF123BC5 /* Frameworks */ = {
			isa = PBXGroup;
			children = (
				639EFCEDCA9BC1F78F0A0513 /* Pods_ReadyPlayer.framework */,
				E20B97805DD891D8C10A4776 /* Pods_ReadyPlayer_WatchKit_App.framework */,
				85F148FB001AB3FE8CC29D64 /* Pods_ReadyPlayer_WatchKit_Extension.framework */,
				1B6235E110381E32CC4E4556 /* Pods_ReadyPlayerTests.framework */,
				E394E4BC8AEB33FCF1AC5E89 /* Pods_ReadyPlayerUITests.framework */,
			);
			name = Frameworks;
			sourceTree = "<group>";
		};
/* End PBXGroup section */

/* Begin PBXNativeTarget section */
		4D90309E22B2189B00A184A6 /* ReadyPlayer */ = {
			isa = PBXNativeTarget;
			buildConfigurationList = 4D9030EF22B2189F00A184A6 /* Build configuration list for PBXNativeTarget "ReadyPlayer" */;
			buildPhases = (
				C1A23F30C8F24EE7B5888DF3 /* [CP] Check Pods Manifest.lock */,
				4D90309B22B2189B00A184A6 /* Sources */,
				4D90309C22B2189B00A184A6 /* Frameworks */,
				4D90309D22B2189B00A184A6 /* Resources */,
				4D9030EE22B2189F00A184A6 /* Embed Watch Content */,
				D6AFEACB47036EBCD90F9E7D /* [CP] Embed Pods Frameworks */,
			);
			buildRules = (
			);
			dependencies = (
				4D9030CA22B2189D00A184A6 /* PBXTargetDependency */,
			);
			name = ReadyPlayer;
			productName = ReadyPlayer;
			productReference = 4D90309F22B2189B00A184A6 /* ReadyPlayer.app */;
			productType = "com.apple.product-type.application";
		};
		4D9030B222B2189D00A184A6 /* ReadyPlayerTests */ = {
			isa = PBXNativeTarget;
			buildConfigurationList = 4D9030F222B2189F00A184A6 /* Build configuration list for PBXNativeTarget "ReadyPlayerTests" */;
			buildPhases = (
				EB7B9F745D46AAB7742652FB /* [CP] Check Pods Manifest.lock */,
				4D9030AF22B2189D00A184A6 /* Sources */,
				4D9030B022B2189D00A184A6 /* Frameworks */,
				4D9030B122B2189D00A184A6 /* Resources */,
			);
			buildRules = (
			);
			dependencies = (
				4D9030B522B2189D00A184A6 /* PBXTargetDependency */,
			);
			name = ReadyPlayerTests;
			productName = ReadyPlayerTests;
			productReference = 4D9030B322B2189D00A184A6 /* ReadyPlayerTests.xctest */;
			productType = "com.apple.product-type.bundle.unit-test";
		};
		4D9030BD22B2189D00A184A6 /* ReadyPlayerUITests */ = {
			isa = PBXNativeTarget;
			buildConfigurationList = 4D9030F522B2189F00A184A6 /* Build configuration list for PBXNativeTarget "ReadyPlayerUITests" */;
			buildPhases = (
				912186DB18C521851C1AFAC4 /* [CP] Check Pods Manifest.lock */,
				4D9030BA22B2189D00A184A6 /* Sources */,
				4D9030BB22B2189D00A184A6 /* Frameworks */,
				4D9030BC22B2189D00A184A6 /* Resources */,
			);
			buildRules = (
			);
			dependencies = (
				4D9030C022B2189D00A184A6 /* PBXTargetDependency */,
			);
			name = ReadyPlayerUITests;
			productName = ReadyPlayerUITests;
			productReference = 4D9030BE22B2189D00A184A6 /* ReadyPlayerUITests.xctest */;
			productType = "com.apple.product-type.bundle.ui-testing";
		};
		4D9030C622B2189D00A184A6 /* ReadyPlayer WatchKit App */ = {
			isa = PBXNativeTarget;
			buildConfigurationList = 4D9030EB22B2189F00A184A6 /* Build configuration list for PBXNativeTarget "ReadyPlayer WatchKit App" */;
			buildPhases = (
				BDAD3362F811F8A8AB1A227C /* [CP] Check Pods Manifest.lock */,
				4D9030C522B2189D00A184A6 /* Resources */,
				4D9030EA22B2189F00A184A6 /* Embed App Extensions */,
				CED569B8221855DA1B3FB05B /* Frameworks */,
			);
			buildRules = (
			);
			dependencies = (
				4D9030D922B2189E00A184A6 /* PBXTargetDependency */,
			);
			name = "ReadyPlayer WatchKit App";
			productName = "ReadyPlayer WatchKit App";
			productReference = 4D9030C722B2189D00A184A6 /* ReadyPlayer WatchKit App.app */;
			productType = "com.apple.product-type.application.watchapp2";
		};
		4D9030D522B2189E00A184A6 /* ReadyPlayer WatchKit Extension */ = {
			isa = PBXNativeTarget;
			buildConfigurationList = 4D9030E722B2189F00A184A6 /* Build configuration list for PBXNativeTarget "ReadyPlayer WatchKit Extension" */;
			buildPhases = (
				7BB5229953C34776A21A7918 /* [CP] Check Pods Manifest.lock */,
				4D9030D222B2189E00A184A6 /* Sources */,
				4D9030D322B2189E00A184A6 /* Frameworks */,
				4D9030D422B2189E00A184A6 /* Resources */,
			);
			buildRules = (
			);
			dependencies = (
			);
			name = "ReadyPlayer WatchKit Extension";
			productName = "ReadyPlayer WatchKit Extension";
			productReference = 4D9030D622B2189E00A184A6 /* ReadyPlayer WatchKit Extension.appex */;
			productType = "com.apple.product-type.watchkit2-extension";
		};
/* End PBXNativeTarget section */

/* Begin PBXProject section */
		4D90309722B2189B00A184A6 /* Project object */ = {
			isa = PBXProject;
			attributes = {
				LastSwiftUpdateCheck = 1020;
				LastUpgradeCheck = 1020;
				ORGANIZATIONNAME = "Mark Wong";
				TargetAttributes = {
					4D90309E22B2189B00A184A6 = {
						CreatedOnToolsVersion = 10.2;
						SystemCapabilities = {
							com.apple.BackgroundModes = {
								enabled = 1;
							};
							com.apple.NetworkExtensions.iOS = {
								enabled = 0;
							};
							com.apple.Push = {
								enabled = 1;
							};
						};
					};
					4D9030B222B2189D00A184A6 = {
						CreatedOnToolsVersion = 10.2;
						TestTargetID = 4D90309E22B2189B00A184A6;
					};
					4D9030BD22B2189D00A184A6 = {
						CreatedOnToolsVersion = 10.2;
						TestTargetID = 4D90309E22B2189B00A184A6;
					};
					4D9030C622B2189D00A184A6 = {
						CreatedOnToolsVersion = 10.2;
					};
					4D9030D522B2189E00A184A6 = {
						CreatedOnToolsVersion = 10.2;
					};
				};
			};
			buildConfigurationList = 4D90309A22B2189B00A184A6 /* Build configuration list for PBXProject "ReadyPlayer" */;
			compatibilityVersion = "Xcode 9.3";
			developmentRegion = en;
			hasScannedForEncodings = 0;
			knownRegions = (
				en,
				Base,
			);
			mainGroup = 4D90309622B2189B00A184A6;
			productRefGroup = 4D9030A022B2189B00A184A6 /* Products */;
			projectDirPath = "";
			projectRoot = "";
			targets = (
				4D90309E22B2189B00A184A6 /* ReadyPlayer */,
				4D9030B222B2189D00A184A6 /* ReadyPlayerTests */,
				4D9030BD22B2189D00A184A6 /* ReadyPlayerUITests */,
				4D9030C622B2189D00A184A6 /* ReadyPlayer WatchKit App */,
				4D9030D522B2189E00A184A6 /* ReadyPlayer WatchKit Extension */,
			);
		};
/* End PBXProject section */

/* Begin PBXResourcesBuildPhase section */
		4D90309D22B2189B00A184A6 /* Resources */ = {
			isa = PBXResourcesBuildPhase;
			buildActionMask = 2147483647;
			files = (
				4D9030AD22B2189D00A184A6 /* LaunchScreen.storyboard in Resources */,
				4D90310122B35AEC00A184A6 /* GoogleService-Info.plist in Resources */,
				4D9030AA22B2189D00A184A6 /* Assets.xcassets in Resources */,
				4D9030A822B2189B00A184A6 /* Main.storyboard in Resources */,
			);
			runOnlyForDeploymentPostprocessing = 0;
		};
		4D9030B122B2189D00A184A6 /* Resources */ = {
			isa = PBXResourcesBuildPhase;
			buildActionMask = 2147483647;
			files = (
			);
			runOnlyForDeploymentPostprocessing = 0;
		};
		4D9030BC22B2189D00A184A6 /* Resources */ = {
			isa = PBXResourcesBuildPhase;
			buildActionMask = 2147483647;
			files = (
			);
			runOnlyForDeploymentPostprocessing = 0;
		};
		4D9030C522B2189D00A184A6 /* Resources */ = {
			isa = PBXResourcesBuildPhase;
			buildActionMask = 2147483647;
			files = (
				4D9030D022B2189E00A184A6 /* Assets.xcassets in Resources */,
				4D9030CE22B2189D00A184A6 /* Interface.storyboard in Resources */,
			);
			runOnlyForDeploymentPostprocessing = 0;
		};
		4D9030D422B2189E00A184A6 /* Resources */ = {
			isa = PBXResourcesBuildPhase;
			buildActionMask = 2147483647;
			files = (
				4D9030E222B2189F00A184A6 /* Assets.xcassets in Resources */,
			);
			runOnlyForDeploymentPostprocessing = 0;
		};
/* End PBXResourcesBuildPhase section */

/* Begin PBXShellScriptBuildPhase section */
		7BB5229953C34776A21A7918 /* [CP] Check Pods Manifest.lock */ = {
			isa = PBXShellScriptBuildPhase;
			buildActionMask = 2147483647;
			files = (
			);
			inputFileListPaths = (
			);
			inputPaths = (
				"${PODS_PODFILE_DIR_PATH}/Podfile.lock",
				"${PODS_ROOT}/Manifest.lock",
			);
			name = "[CP] Check Pods Manifest.lock";
			outputFileListPaths = (
			);
			outputPaths = (
				"$(DERIVED_FILE_DIR)/Pods-ReadyPlayer WatchKit Extension-checkManifestLockResult.txt",
			);
			runOnlyForDeploymentPostprocessing = 0;
			shellPath = /bin/sh;
			shellScript = "diff \"${PODS_PODFILE_DIR_PATH}/Podfile.lock\" \"${PODS_ROOT}/Manifest.lock\" > /dev/null\nif [ $? != 0 ] ; then\n    # print error to STDERR\n    echo \"error: The sandbox is not in sync with the Podfile.lock. Run 'pod install' or update your CocoaPods installation.\" >&2\n    exit 1\nfi\n# This output is used by Xcode 'outputs' to avoid re-running this script phase.\necho \"SUCCESS\" > \"${SCRIPT_OUTPUT_FILE_0}\"\n";
			showEnvVarsInLog = 0;
		};
		912186DB18C521851C1AFAC4 /* [CP] Check Pods Manifest.lock */ = {
			isa = PBXShellScriptBuildPhase;
			buildActionMask = 2147483647;
			files = (
			);
			inputFileListPaths = (
			);
			inputPaths = (
				"${PODS_PODFILE_DIR_PATH}/Podfile.lock",
				"${PODS_ROOT}/Manifest.lock",
			);
			name = "[CP] Check Pods Manifest.lock";
			outputFileListPaths = (
			);
			outputPaths = (
				"$(DERIVED_FILE_DIR)/Pods-ReadyPlayerUITests-checkManifestLockResult.txt",
			);
			runOnlyForDeploymentPostprocessing = 0;
			shellPath = /bin/sh;
			shellScript = "diff \"${PODS_PODFILE_DIR_PATH}/Podfile.lock\" \"${PODS_ROOT}/Manifest.lock\" > /dev/null\nif [ $? != 0 ] ; then\n    # print error to STDERR\n    echo \"error: The sandbox is not in sync with the Podfile.lock. Run 'pod install' or update your CocoaPods installation.\" >&2\n    exit 1\nfi\n# This output is used by Xcode 'outputs' to avoid re-running this script phase.\necho \"SUCCESS\" > \"${SCRIPT_OUTPUT_FILE_0}\"\n";
			showEnvVarsInLog = 0;
		};
		BDAD3362F811F8A8AB1A227C /* [CP] Check Pods Manifest.lock */ = {
			isa = PBXShellScriptBuildPhase;
			buildActionMask = 2147483647;
			files = (
			);
			inputFileListPaths = (
			);
			inputPaths = (
				"${PODS_PODFILE_DIR_PATH}/Podfile.lock",
				"${PODS_ROOT}/Manifest.lock",
			);
			name = "[CP] Check Pods Manifest.lock";
			outputFileListPaths = (
			);
			outputPaths = (
				"$(DERIVED_FILE_DIR)/Pods-ReadyPlayer WatchKit App-checkManifestLockResult.txt",
			);
			runOnlyForDeploymentPostprocessing = 0;
			shellPath = /bin/sh;
			shellScript = "diff \"${PODS_PODFILE_DIR_PATH}/Podfile.lock\" \"${PODS_ROOT}/Manifest.lock\" > /dev/null\nif [ $? != 0 ] ; then\n    # print error to STDERR\n    echo \"error: The sandbox is not in sync with the Podfile.lock. Run 'pod install' or update your CocoaPods installation.\" >&2\n    exit 1\nfi\n# This output is used by Xcode 'outputs' to avoid re-running this script phase.\necho \"SUCCESS\" > \"${SCRIPT_OUTPUT_FILE_0}\"\n";
			showEnvVarsInLog = 0;
		};
		C1A23F30C8F24EE7B5888DF3 /* [CP] Check Pods Manifest.lock */ = {
			isa = PBXShellScriptBuildPhase;
			buildActionMask = 2147483647;
			files = (
			);
			inputFileListPaths = (
			);
			inputPaths = (
				"${PODS_PODFILE_DIR_PATH}/Podfile.lock",
				"${PODS_ROOT}/Manifest.lock",
			);
			name = "[CP] Check Pods Manifest.lock";
			outputFileListPaths = (
			);
			outputPaths = (
				"$(DERIVED_FILE_DIR)/Pods-ReadyPlayer-checkManifestLockResult.txt",
			);
			runOnlyForDeploymentPostprocessing = 0;
			shellPath = /bin/sh;
			shellScript = "diff \"${PODS_PODFILE_DIR_PATH}/Podfile.lock\" \"${PODS_ROOT}/Manifest.lock\" > /dev/null\nif [ $? != 0 ] ; then\n    # print error to STDERR\n    echo \"error: The sandbox is not in sync with the Podfile.lock. Run 'pod install' or update your CocoaPods installation.\" >&2\n    exit 1\nfi\n# This output is used by Xcode 'outputs' to avoid re-running this script phase.\necho \"SUCCESS\" > \"${SCRIPT_OUTPUT_FILE_0}\"\n";
			showEnvVarsInLog = 0;
		};
		D6AFEACB47036EBCD90F9E7D /* [CP] Embed Pods Frameworks */ = {
			isa = PBXShellScriptBuildPhase;
			buildActionMask = 2147483647;
			files = (
			);
			inputFileListPaths = (
			);
			inputPaths = (
				"${SRCROOT}/Pods/Target Support Files/Pods-ReadyPlayer/Pods-ReadyPlayer-frameworks.sh",
				"${BUILT_PRODUCTS_DIR}/GTMSessionFetcher/GTMSessionFetcher.framework",
				"${BUILT_PRODUCTS_DIR}/GoogleUtilities/GoogleUtilities.framework",
				"${BUILT_PRODUCTS_DIR}/Protobuf/Protobuf.framework",
				"${BUILT_PRODUCTS_DIR}/SwiftKeychainWrapper/SwiftKeychainWrapper.framework",
				"${BUILT_PRODUCTS_DIR}/leveldb-library/leveldb.framework",
				"${BUILT_PRODUCTS_DIR}/nanopb/nanopb.framework",
			);
			name = "[CP] Embed Pods Frameworks";
			outputFileListPaths = (
			);
			outputPaths = (
				"${TARGET_BUILD_DIR}/${FRAMEWORKS_FOLDER_PATH}/GTMSessionFetcher.framework",
				"${TARGET_BUILD_DIR}/${FRAMEWORKS_FOLDER_PATH}/GoogleUtilities.framework",
				"${TARGET_BUILD_DIR}/${FRAMEWORKS_FOLDER_PATH}/Protobuf.framework",
				"${TARGET_BUILD_DIR}/${FRAMEWORKS_FOLDER_PATH}/SwiftKeychainWrapper.framework",
				"${TARGET_BUILD_DIR}/${FRAMEWORKS_FOLDER_PATH}/leveldb.framework",
				"${TARGET_BUILD_DIR}/${FRAMEWORKS_FOLDER_PATH}/nanopb.framework",
			);
			runOnlyForDeploymentPostprocessing = 0;
			shellPath = /bin/sh;
			shellScript = "\"${SRCROOT}/Pods/Target Support Files/Pods-ReadyPlayer/Pods-ReadyPlayer-frameworks.sh\"\n";
			showEnvVarsInLog = 0;
		};
		EB7B9F745D46AAB7742652FB /* [CP] Check Pods Manifest.lock */ = {
			isa = PBXShellScriptBuildPhase;
			buildActionMask = 2147483647;
			files = (
			);
			inputFileListPaths = (
			);
			inputPaths = (
				"${PODS_PODFILE_DIR_PATH}/Podfile.lock",
				"${PODS_ROOT}/Manifest.lock",
			);
			name = "[CP] Check Pods Manifest.lock";
			outputFileListPaths = (
			);
			outputPaths = (
				"$(DERIVED_FILE_DIR)/Pods-ReadyPlayerTests-checkManifestLockResult.txt",
			);
			runOnlyForDeploymentPostprocessing = 0;
			shellPath = /bin/sh;
			shellScript = "diff \"${PODS_PODFILE_DIR_PATH}/Podfile.lock\" \"${PODS_ROOT}/Manifest.lock\" > /dev/null\nif [ $? != 0 ] ; then\n    # print error to STDERR\n    echo \"error: The sandbox is not in sync with the Podfile.lock. Run 'pod install' or update your CocoaPods installation.\" >&2\n    exit 1\nfi\n# This output is used by Xcode 'outputs' to avoid re-running this script phase.\necho \"SUCCESS\" > \"${SCRIPT_OUTPUT_FILE_0}\"\n";
			showEnvVarsInLog = 0;
		};
/* End PBXShellScriptBuildPhase section */

/* Begin PBXSourcesBuildPhase section */
		4D90309B22B2189B00A184A6 /* Sources */ = {
			isa = PBXSourcesBuildPhase;
			buildActionMask = 2147483647;
			files = (
				4D592CFB22C79D610034F087 /* UIColor+Theme.swift in Sources */,
				4D592CF922C763650034F087 /* ReadyRoomHeaderView.swift in Sources */,
				4D592CF722C6097A0034F087 /* UserCell.swift in Sources */,
				4D9030A522B2189B00A184A6 /* MainViewController.swift in Sources */,
				4D592D0622C9FF480034F087 /* UIDevice+Extension.swift in Sources */,
				4D592CEE22C10EDF0034F087 /* Date+Extension.swift in Sources */,
				4D9030A322B2189B00A184A6 /* AppDelegate.swift in Sources */,
				4D592D0422C9A3010034F087 /* ProfileViewController.swift in Sources */,
				4D90310422B3974600A184A6 /* Room.swift in Sources */,
				4D592CFD22C7A8060034F087 /* UIColor+Extension.swift in Sources */,
				4D9030FF22B3580200A184A6 /* Extension+UIView.swift in Sources */,
				4D90310822B4FD8E00A184A6 /* User.swift in Sources */,
				4D592D0022C8BEE30034F087 /* RoomCell.swift in Sources */,
				4D90310E22B64E4C00A184A6 /* ReadyRoomViewModel.swift in Sources */,
				4D90310B22B6221600A184A6 /* ReadyRoomViewController.swift in Sources */,
				4D90310622B4E8D700A184A6 /* DatabaseReferenceKeys.swift in Sources */,
				4D9030FB22B34D8C00A184A6 /* MainViewController+UITableView.swift in Sources */,
				4D9030FD22B34E5C00A184A6 /* MainViewModel.swift in Sources */,
				4D592CF222C200F00034F087 /* ReadyRoomView.swift in Sources */,
			);
			runOnlyForDeploymentPostprocessing = 0;
		};
		4D9030AF22B2189D00A184A6 /* Sources */ = {
			isa = PBXSourcesBuildPhase;
			buildActionMask = 2147483647;
			files = (
				4D9030B822B2189D00A184A6 /* ReadyPlayerTests.swift in Sources */,
			);
			runOnlyForDeploymentPostprocessing = 0;
		};
		4D9030BA22B2189D00A184A6 /* Sources */ = {
			isa = PBXSourcesBuildPhase;
			buildActionMask = 2147483647;
			files = (
				4D9030C322B2189D00A184A6 /* ReadyPlayerUITests.swift in Sources */,
			);
			runOnlyForDeploymentPostprocessing = 0;
		};
		4D9030D222B2189E00A184A6 /* Sources */ = {
			isa = PBXSourcesBuildPhase;
			buildActionMask = 2147483647;
			files = (
				4D9030E022B2189E00A184A6 /* NotificationController.swift in Sources */,
				4D9030DE22B2189E00A184A6 /* ExtensionDelegate.swift in Sources */,
				4D9030DC22B2189E00A184A6 /* InterfaceController.swift in Sources */,
			);
			runOnlyForDeploymentPostprocessing = 0;
		};
/* End PBXSourcesBuildPhase section */

/* Begin PBXTargetDependency section */
		4D9030B522B2189D00A184A6 /* PBXTargetDependency */ = {
			isa = PBXTargetDependency;
			target = 4D90309E22B2189B00A184A6 /* ReadyPlayer */;
			targetProxy = 4D9030B422B2189D00A184A6 /* PBXContainerItemProxy */;
		};
		4D9030C022B2189D00A184A6 /* PBXTargetDependency */ = {
			isa = PBXTargetDependency;
			target = 4D90309E22B2189B00A184A6 /* ReadyPlayer */;
			targetProxy = 4D9030BF22B2189D00A184A6 /* PBXContainerItemProxy */;
		};
		4D9030CA22B2189D00A184A6 /* PBXTargetDependency */ = {
			isa = PBXTargetDependency;
			target = 4D9030C622B2189D00A184A6 /* ReadyPlayer WatchKit App */;
			targetProxy = 4D9030C922B2189D00A184A6 /* PBXContainerItemProxy */;
		};
		4D9030D922B2189E00A184A6 /* PBXTargetDependency */ = {
			isa = PBXTargetDependency;
			target = 4D9030D522B2189E00A184A6 /* ReadyPlayer WatchKit Extension */;
			targetProxy = 4D9030D822B2189E00A184A6 /* PBXContainerItemProxy */;
		};
/* End PBXTargetDependency section */

/* Begin PBXVariantGroup section */
		4D9030A622B2189B00A184A6 /* Main.storyboard */ = {
			isa = PBXVariantGroup;
			children = (
				4D9030A722B2189B00A184A6 /* Base */,
			);
			name = Main.storyboard;
			sourceTree = "<group>";
		};
		4D9030AB22B2189D00A184A6 /* LaunchScreen.storyboard */ = {
			isa = PBXVariantGroup;
			children = (
				4D9030AC22B2189D00A184A6 /* Base */,
			);
			name = LaunchScreen.storyboard;
			sourceTree = "<group>";
		};
		4D9030CC22B2189D00A184A6 /* Interface.storyboard */ = {
			isa = PBXVariantGroup;
			children = (
				4D9030CD22B2189D00A184A6 /* Base */,
			);
			name = Interface.storyboard;
			sourceTree = "<group>";
		};
/* End PBXVariantGroup section */

/* Begin XCBuildConfiguration section */
		4D9030E522B2189F00A184A6 /* Debug */ = {
			isa = XCBuildConfiguration;
			buildSettings = {
				ALWAYS_SEARCH_USER_PATHS = NO;
				CLANG_ANALYZER_NONNULL = YES;
				CLANG_ANALYZER_NUMBER_OBJECT_CONVERSION = YES_AGGRESSIVE;
				CLANG_CXX_LANGUAGE_STANDARD = "gnu++14";
				CLANG_CXX_LIBRARY = "libc++";
				CLANG_ENABLE_MODULES = YES;
				CLANG_ENABLE_OBJC_ARC = YES;
				CLANG_ENABLE_OBJC_WEAK = YES;
				CLANG_WARN_BLOCK_CAPTURE_AUTORELEASING = YES;
				CLANG_WARN_BOOL_CONVERSION = YES;
				CLANG_WARN_COMMA = YES;
				CLANG_WARN_CONSTANT_CONVERSION = YES;
				CLANG_WARN_DEPRECATED_OBJC_IMPLEMENTATIONS = YES;
				CLANG_WARN_DIRECT_OBJC_ISA_USAGE = YES_ERROR;
				CLANG_WARN_DOCUMENTATION_COMMENTS = YES;
				CLANG_WARN_EMPTY_BODY = YES;
				CLANG_WARN_ENUM_CONVERSION = YES;
				CLANG_WARN_INFINITE_RECURSION = YES;
				CLANG_WARN_INT_CONVERSION = YES;
				CLANG_WARN_NON_LITERAL_NULL_CONVERSION = YES;
				CLANG_WARN_OBJC_IMPLICIT_RETAIN_SELF = YES;
				CLANG_WARN_OBJC_LITERAL_CONVERSION = YES;
				CLANG_WARN_OBJC_ROOT_CLASS = YES_ERROR;
				CLANG_WARN_RANGE_LOOP_ANALYSIS = YES;
				CLANG_WARN_STRICT_PROTOTYPES = YES;
				CLANG_WARN_SUSPICIOUS_MOVE = YES;
				CLANG_WARN_UNGUARDED_AVAILABILITY = YES_AGGRESSIVE;
				CLANG_WARN_UNREACHABLE_CODE = YES;
				CLANG_WARN__DUPLICATE_METHOD_MATCH = YES;
				CODE_SIGN_IDENTITY = "iPhone Developer";
				COPY_PHASE_STRIP = NO;
				DEBUG_INFORMATION_FORMAT = dwarf;
				ENABLE_STRICT_OBJC_MSGSEND = YES;
				ENABLE_TESTABILITY = YES;
				GCC_C_LANGUAGE_STANDARD = gnu11;
				GCC_DYNAMIC_NO_PIC = NO;
				GCC_NO_COMMON_BLOCKS = YES;
				GCC_OPTIMIZATION_LEVEL = 0;
				GCC_PREPROCESSOR_DEFINITIONS = (
					"DEBUG=1",
					"$(inherited)",
				);
				GCC_WARN_64_TO_32_BIT_CONVERSION = YES;
				GCC_WARN_ABOUT_RETURN_TYPE = YES_ERROR;
				GCC_WARN_UNDECLARED_SELECTOR = YES;
				GCC_WARN_UNINITIALIZED_AUTOS = YES_AGGRESSIVE;
				GCC_WARN_UNUSED_FUNCTION = YES;
				GCC_WARN_UNUSED_VARIABLE = YES;
				IPHONEOS_DEPLOYMENT_TARGET = 12.2;
				MTL_ENABLE_DEBUG_INFO = INCLUDE_SOURCE;
				MTL_FAST_MATH = YES;
				ONLY_ACTIVE_ARCH = YES;
				SDKROOT = iphoneos;
				SWIFT_ACTIVE_COMPILATION_CONDITIONS = DEBUG;
				SWIFT_OPTIMIZATION_LEVEL = "-Onone";
			};
			name = Debug;
		};
		4D9030E622B2189F00A184A6 /* Release */ = {
			isa = XCBuildConfiguration;
			buildSettings = {
				ALWAYS_SEARCH_USER_PATHS = NO;
				CLANG_ANALYZER_NONNULL = YES;
				CLANG_ANALYZER_NUMBER_OBJECT_CONVERSION = YES_AGGRESSIVE;
				CLANG_CXX_LANGUAGE_STANDARD = "gnu++14";
				CLANG_CXX_LIBRARY = "libc++";
				CLANG_ENABLE_MODULES = YES;
				CLANG_ENABLE_OBJC_ARC = YES;
				CLANG_ENABLE_OBJC_WEAK = YES;
				CLANG_WARN_BLOCK_CAPTURE_AUTORELEASING = YES;
				CLANG_WARN_BOOL_CONVERSION = YES;
				CLANG_WARN_COMMA = YES;
				CLANG_WARN_CONSTANT_CONVERSION = YES;
				CLANG_WARN_DEPRECATED_OBJC_IMPLEMENTATIONS = YES;
				CLANG_WARN_DIRECT_OBJC_ISA_USAGE = YES_ERROR;
				CLANG_WARN_DOCUMENTATION_COMMENTS = YES;
				CLANG_WARN_EMPTY_BODY = YES;
				CLANG_WARN_ENUM_CONVERSION = YES;
				CLANG_WARN_INFINITE_RECURSION = YES;
				CLANG_WARN_INT_CONVERSION = YES;
				CLANG_WARN_NON_LITERAL_NULL_CONVERSION = YES;
				CLANG_WARN_OBJC_IMPLICIT_RETAIN_SELF = YES;
				CLANG_WARN_OBJC_LITERAL_CONVERSION = YES;
				CLANG_WARN_OBJC_ROOT_CLASS = YES_ERROR;
				CLANG_WARN_RANGE_LOOP_ANALYSIS = YES;
				CLANG_WARN_STRICT_PROTOTYPES = YES;
				CLANG_WARN_SUSPICIOUS_MOVE = YES;
				CLANG_WARN_UNGUARDED_AVAILABILITY = YES_AGGRESSIVE;
				CLANG_WARN_UNREACHABLE_CODE = YES;
				CLANG_WARN__DUPLICATE_METHOD_MATCH = YES;
				CODE_SIGN_IDENTITY = "iPhone Developer";
				COPY_PHASE_STRIP = NO;
				DEBUG_INFORMATION_FORMAT = "dwarf-with-dsym";
				ENABLE_NS_ASSERTIONS = NO;
				ENABLE_STRICT_OBJC_MSGSEND = YES;
				GCC_C_LANGUAGE_STANDARD = gnu11;
				GCC_NO_COMMON_BLOCKS = YES;
				GCC_WARN_64_TO_32_BIT_CONVERSION = YES;
				GCC_WARN_ABOUT_RETURN_TYPE = YES_ERROR;
				GCC_WARN_UNDECLARED_SELECTOR = YES;
				GCC_WARN_UNINITIALIZED_AUTOS = YES_AGGRESSIVE;
				GCC_WARN_UNUSED_FUNCTION = YES;
				GCC_WARN_UNUSED_VARIABLE = YES;
				IPHONEOS_DEPLOYMENT_TARGET = 12.2;
				MTL_ENABLE_DEBUG_INFO = NO;
				MTL_FAST_MATH = YES;
				SDKROOT = iphoneos;
				SWIFT_COMPILATION_MODE = wholemodule;
				SWIFT_OPTIMIZATION_LEVEL = "-O";
				VALIDATE_PRODUCT = YES;
			};
			name = Release;
		};
		4D9030E822B2189F00A184A6 /* Debug */ = {
			isa = XCBuildConfiguration;
			baseConfigurationReference = 957CF9EE9C1843E9E3520AFD /* Pods-ReadyPlayer WatchKit Extension.debug.xcconfig */;
			buildSettings = {
				ASSETCATALOG_COMPILER_COMPLICATION_NAME = Complication;
				CODE_SIGN_STYLE = Automatic;
				DEVELOPMENT_TEAM = GEKZN86RYS;
				INFOPLIST_FILE = "ReadyPlayer WatchKit Extension/Info.plist";
				LD_RUNPATH_SEARCH_PATHS = (
					"$(inherited)",
					"@executable_path/Frameworks",
					"@executable_path/../../Frameworks",
				);
				PRODUCT_BUNDLE_IDENTIFIER = com.whizbang.ReadyPlayer.watchkitapp.watchkitextension;
				PRODUCT_NAME = "${TARGET_NAME}";
				SDKROOT = watchos;
				SKIP_INSTALL = YES;
				SWIFT_VERSION = 5.0;
				TARGETED_DEVICE_FAMILY = 4;
				WATCHOS_DEPLOYMENT_TARGET = 5.2;
			};
			name = Debug;
		};
		4D9030E922B2189F00A184A6 /* Release */ = {
			isa = XCBuildConfiguration;
			baseConfigurationReference = 39D3CE985FC8A2640DEEB6AB /* Pods-ReadyPlayer WatchKit Extension.release.xcconfig */;
			buildSettings = {
				ASSETCATALOG_COMPILER_COMPLICATION_NAME = Complication;
				CODE_SIGN_STYLE = Automatic;
				DEVELOPMENT_TEAM = GEKZN86RYS;
				INFOPLIST_FILE = "ReadyPlayer WatchKit Extension/Info.plist";
				LD_RUNPATH_SEARCH_PATHS = (
					"$(inherited)",
					"@executable_path/Frameworks",
					"@executable_path/../../Frameworks",
				);
				PRODUCT_BUNDLE_IDENTIFIER = com.whizbang.ReadyPlayer.watchkitapp.watchkitextension;
				PRODUCT_NAME = "${TARGET_NAME}";
				SDKROOT = watchos;
				SKIP_INSTALL = YES;
				SWIFT_VERSION = 5.0;
				TARGETED_DEVICE_FAMILY = 4;
				WATCHOS_DEPLOYMENT_TARGET = 5.2;
			};
			name = Release;
		};
		4D9030EC22B2189F00A184A6 /* Debug */ = {
			isa = XCBuildConfiguration;
			baseConfigurationReference = 7C0CA6BEB1E24F5E85AAA647 /* Pods-ReadyPlayer WatchKit App.debug.xcconfig */;
			buildSettings = {
				ALWAYS_EMBED_SWIFT_STANDARD_LIBRARIES = YES;
				ASSETCATALOG_COMPILER_APPICON_NAME = AppIcon;
				CODE_SIGN_STYLE = Automatic;
				DEVELOPMENT_TEAM = GEKZN86RYS;
				IBSC_MODULE = ReadyPlayer_WatchKit_Extension;
				INFOPLIST_FILE = "ReadyPlayer WatchKit App/Info.plist";
				PRODUCT_BUNDLE_IDENTIFIER = com.whizbang.ReadyPlayer.watchkitapp;
				PRODUCT_NAME = "$(TARGET_NAME)";
				SDKROOT = watchos;
				SKIP_INSTALL = YES;
				SWIFT_VERSION = 5.0;
				TARGETED_DEVICE_FAMILY = 4;
				WATCHOS_DEPLOYMENT_TARGET = 5.2;
			};
			name = Debug;
		};
		4D9030ED22B2189F00A184A6 /* Release */ = {
			isa = XCBuildConfiguration;
			baseConfigurationReference = A534C0222088793E528BE18F /* Pods-ReadyPlayer WatchKit App.release.xcconfig */;
			buildSettings = {
				ALWAYS_EMBED_SWIFT_STANDARD_LIBRARIES = YES;
				ASSETCATALOG_COMPILER_APPICON_NAME = AppIcon;
				CODE_SIGN_STYLE = Automatic;
				DEVELOPMENT_TEAM = GEKZN86RYS;
				IBSC_MODULE = ReadyPlayer_WatchKit_Extension;
				INFOPLIST_FILE = "ReadyPlayer WatchKit App/Info.plist";
				PRODUCT_BUNDLE_IDENTIFIER = com.whizbang.ReadyPlayer.watchkitapp;
				PRODUCT_NAME = "$(TARGET_NAME)";
				SDKROOT = watchos;
				SKIP_INSTALL = YES;
				SWIFT_VERSION = 5.0;
				TARGETED_DEVICE_FAMILY = 4;
				WATCHOS_DEPLOYMENT_TARGET = 5.2;
			};
			name = Release;
		};
		4D9030F022B2189F00A184A6 /* Debug */ = {
			isa = XCBuildConfiguration;
			baseConfigurationReference = 204D9164C9BA73C788DD7897 /* Pods-ReadyPlayer.debug.xcconfig */;
			buildSettings = {
				ASSETCATALOG_COMPILER_APPICON_NAME = AppIcon;
				CODE_SIGN_ENTITLEMENTS = ReadyPlayer/ReadyPlayer.entitlements;
				CODE_SIGN_STYLE = Automatic;
				DEVELOPMENT_TEAM = GEKZN86RYS;
				INFOPLIST_FILE = ReadyPlayer/Info.plist;
				LD_RUNPATH_SEARCH_PATHS = (
					"$(inherited)",
					"@executable_path/Frameworks",
				);
				PRODUCT_BUNDLE_IDENTIFIER = com.whizbang.ReadyPlayer;
				PRODUCT_NAME = "$(TARGET_NAME)";
				SWIFT_VERSION = 5.0;
				TARGETED_DEVICE_FAMILY = "1,2";
			};
			name = Debug;
		};
		4D9030F122B2189F00A184A6 /* Release */ = {
			isa = XCBuildConfiguration;
			baseConfigurationReference = 2DFDB4F243FBFCE0024D61F8 /* Pods-ReadyPlayer.release.xcconfig */;
			buildSettings = {
				ASSETCATALOG_COMPILER_APPICON_NAME = AppIcon;
				CODE_SIGN_ENTITLEMENTS = ReadyPlayer/ReadyPlayer.entitlements;
				CODE_SIGN_STYLE = Automatic;
				DEVELOPMENT_TEAM = GEKZN86RYS;
				INFOPLIST_FILE = ReadyPlayer/Info.plist;
				LD_RUNPATH_SEARCH_PATHS = (
					"$(inherited)",
					"@executable_path/Frameworks",
				);
				PRODUCT_BUNDLE_IDENTIFIER = com.whizbang.ReadyPlayer;
				PRODUCT_NAME = "$(TARGET_NAME)";
				SWIFT_VERSION = 5.0;
				TARGETED_DEVICE_FAMILY = "1,2";
			};
			name = Release;
		};
		4D9030F322B2189F00A184A6 /* Debug */ = {
			isa = XCBuildConfiguration;
			baseConfigurationReference = 46E076309DDDE4F2DCBBEA78 /* Pods-ReadyPlayerTests.debug.xcconfig */;
			buildSettings = {
				ALWAYS_EMBED_SWIFT_STANDARD_LIBRARIES = YES;
				BUNDLE_LOADER = "$(TEST_HOST)";
				CODE_SIGN_STYLE = Automatic;
				DEVELOPMENT_TEAM = GEKZN86RYS;
				INFOPLIST_FILE = ReadyPlayerTests/Info.plist;
				LD_RUNPATH_SEARCH_PATHS = (
					"$(inherited)",
					"@executable_path/Frameworks",
					"@loader_path/Frameworks",
				);
				PRODUCT_BUNDLE_IDENTIFIER = com.whizbang.ReadyPlayerTests;
				PRODUCT_NAME = "$(TARGET_NAME)";
				SWIFT_VERSION = 5.0;
				TARGETED_DEVICE_FAMILY = "1,2";
				TEST_HOST = "$(BUILT_PRODUCTS_DIR)/ReadyPlayer.app/ReadyPlayer";
			};
			name = Debug;
		};
		4D9030F422B2189F00A184A6 /* Release */ = {
			isa = XCBuildConfiguration;
			baseConfigurationReference = 5BF6EA6085819C8BAFE421FC /* Pods-ReadyPlayerTests.release.xcconfig */;
			buildSettings = {
				ALWAYS_EMBED_SWIFT_STANDARD_LIBRARIES = YES;
				BUNDLE_LOADER = "$(TEST_HOST)";
				CODE_SIGN_STYLE = Automatic;
				DEVELOPMENT_TEAM = GEKZN86RYS;
				INFOPLIST_FILE = ReadyPlayerTests/Info.plist;
				LD_RUNPATH_SEARCH_PATHS = (
					"$(inherited)",
					"@executable_path/Frameworks",
					"@loader_path/Frameworks",
				);
				PRODUCT_BUNDLE_IDENTIFIER = com.whizbang.ReadyPlayerTests;
				PRODUCT_NAME = "$(TARGET_NAME)";
				SWIFT_VERSION = 5.0;
				TARGETED_DEVICE_FAMILY = "1,2";
				TEST_HOST = "$(BUILT_PRODUCTS_DIR)/ReadyPlayer.app/ReadyPlayer";
			};
			name = Release;
		};
		4D9030F622B2189F00A184A6 /* Debug */ = {
			isa = XCBuildConfiguration;
			baseConfigurationReference = 56B696458C7D61BA1EC1B974 /* Pods-ReadyPlayerUITests.debug.xcconfig */;
			buildSettings = {
				ALWAYS_EMBED_SWIFT_STANDARD_LIBRARIES = YES;
				CODE_SIGN_STYLE = Automatic;
				DEVELOPMENT_TEAM = GEKZN86RYS;
				INFOPLIST_FILE = ReadyPlayerUITests/Info.plist;
				LD_RUNPATH_SEARCH_PATHS = (
					"$(inherited)",
					"@executable_path/Frameworks",
					"@loader_path/Frameworks",
				);
				PRODUCT_BUNDLE_IDENTIFIER = com.whizbang.ReadyPlayerUITests;
				PRODUCT_NAME = "$(TARGET_NAME)";
				SWIFT_VERSION = 5.0;
				TARGETED_DEVICE_FAMILY = "1,2";
				TEST_TARGET_NAME = ReadyPlayer;
			};
			name = Debug;
		};
		4D9030F722B2189F00A184A6 /* Release */ = {
			isa = XCBuildConfiguration;
			baseConfigurationReference = 48613AB69E9096EC7DB92C7B /* Pods-ReadyPlayerUITests.release.xcconfig */;
			buildSettings = {
				ALWAYS_EMBED_SWIFT_STANDARD_LIBRARIES = YES;
				CODE_SIGN_STYLE = Automatic;
				DEVELOPMENT_TEAM = GEKZN86RYS;
				INFOPLIST_FILE = ReadyPlayerUITests/Info.plist;
				LD_RUNPATH_SEARCH_PATHS = (
					"$(inherited)",
					"@executable_path/Frameworks",
					"@loader_path/Frameworks",
				);
				PRODUCT_BUNDLE_IDENTIFIER = com.whizbang.ReadyPlayerUITests;
				PRODUCT_NAME = "$(TARGET_NAME)";
				SWIFT_VERSION = 5.0;
				TARGETED_DEVICE_FAMILY = "1,2";
				TEST_TARGET_NAME = ReadyPlayer;
			};
			name = Release;
		};
/* End XCBuildConfiguration section */

/* Begin XCConfigurationList section */
		4D90309A22B2189B00A184A6 /* Build configuration list for PBXProject "ReadyPlayer" */ = {
			isa = XCConfigurationList;
			buildConfigurations = (
				4D9030E522B2189F00A184A6 /* Debug */,
				4D9030E622B2189F00A184A6 /* Release */,
			);
			defaultConfigurationIsVisible = 0;
			defaultConfigurationName = Release;
		};
		4D9030E722B2189F00A184A6 /* Build configuration list for PBXNativeTarget "ReadyPlayer WatchKit Extension" */ = {
			isa = XCConfigurationList;
			buildConfigurations = (
				4D9030E822B2189F00A184A6 /* Debug */,
				4D9030E922B2189F00A184A6 /* Release */,
			);
			defaultConfigurationIsVisible = 0;
			defaultConfigurationName = Release;
		};
		4D9030EB22B2189F00A184A6 /* Build configuration list for PBXNativeTarget "ReadyPlayer WatchKit App" */ = {
			isa = XCConfigurationList;
			buildConfigurations = (
				4D9030EC22B2189F00A184A6 /* Debug */,
				4D9030ED22B2189F00A184A6 /* Release */,
			);
			defaultConfigurationIsVisible = 0;
			defaultConfigurationName = Release;
		};
		4D9030EF22B2189F00A184A6 /* Build configuration list for PBXNativeTarget "ReadyPlayer" */ = {
			isa = XCConfigurationList;
			buildConfigurations = (
				4D9030F022B2189F00A184A6 /* Debug */,
				4D9030F122B2189F00A184A6 /* Release */,
			);
			defaultConfigurationIsVisible = 0;
			defaultConfigurationName = Release;
		};
		4D9030F222B2189F00A184A6 /* Build configuration list for PBXNativeTarget "ReadyPlayerTests" */ = {
			isa = XCConfigurationList;
			buildConfigurations = (
				4D9030F322B2189F00A184A6 /* Debug */,
				4D9030F422B2189F00A184A6 /* Release */,
			);
			defaultConfigurationIsVisible = 0;
			defaultConfigurationName = Release;
		};
		4D9030F522B2189F00A184A6 /* Build configuration list for PBXNativeTarget "ReadyPlayerUITests" */ = {
			isa = XCConfigurationList;
			buildConfigurations = (
				4D9030F622B2189F00A184A6 /* Debug */,
				4D9030F722B2189F00A184A6 /* Release */,
			);
			defaultConfigurationIsVisible = 0;
			defaultConfigurationName = Release;
		};
/* End XCConfigurationList section */
	};
	rootObject = 4D90309722B2189B00A184A6 /* Project object */;
}
